// !$*UTF8*$!
{
	archiveVersion = 1;
	classes = {
	};
	objectVersion = 50;
	objects = {

/* Begin PBXBuildFile section */
		AF7F51E4268053B5005DCD28 /* AppDelegate.swift in Sources */ = {isa = PBXBuildFile; fileRef = AF7F51E3268053B5005DCD28 /* AppDelegate.swift */; };
		AF7F51E6268053B5005DCD28 /* SceneDelegate.swift in Sources */ = {isa = PBXBuildFile; fileRef = AF7F51E5268053B5005DCD28 /* SceneDelegate.swift */; };
		AF7F51E8268053B5005DCD28 /* ViewController.swift in Sources */ = {isa = PBXBuildFile; fileRef = AF7F51E7268053B5005DCD28 /* ViewController.swift */; };
		AF7F51EB268053B5005DCD28 /* Main.storyboard in Resources */ = {isa = PBXBuildFile; fileRef = AF7F51E9268053B5005DCD28 /* Main.storyboard */; };
		AF7F51ED268053B9005DCD28 /* Assets.xcassets in Resources */ = {isa = PBXBuildFile; fileRef = AF7F51EC268053B9005DCD28 /* Assets.xcassets */; };
		AF7F51F0268053B9005DCD28 /* LaunchScreen.storyboard in Resources */ = {isa = PBXBuildFile; fileRef = AF7F51EE268053B9005DCD28 /* LaunchScreen.storyboard */; };
/* End PBXBuildFile section */

/* Begin PBXFileReference section */
		AF7F51E0268053B5005DCD28 /* YpNo3App.app */ = {isa = PBXFileReference; explicitFileType = wrapper.application; includeInIndex = 0; path = YpNo3App.app; sourceTree = BUILT_PRODUCTS_DIR; };
		AF7F51E3268053B5005DCD28 /* AppDelegate.swift */ = {isa = PBXFileReference; lastKnownFileType = sourcecode.swift; path = AppDelegate.swift; sourceTree = "<group>"; };
		AF7F51E5268053B5005DCD28 /* SceneDelegate.swift */ = {isa = PBXFileReference; lastKnownFileType = sourcecode.swift; path = SceneDelegate.swift; sourceTree = "<group>"; };
		AF7F51E7268053B5005DCD28 /* ViewController.swift */ = {isa = PBXFileReference; lastKnownFileType = sourcecode.swift; path = ViewController.swift; sourceTree = "<group>"; };
		AF7F51EA268053B5005DCD28 /* Base */ = {isa = PBXFileReference; lastKnownFileType = file.storyboard; name = Base; path = Base.lproj/Main.storyboard; sourceTree = "<group>"; };
		AF7F51EC268053B9005DCD28 /* Assets.xcassets */ = {isa = PBXFileReference; lastKnownFileType = folder.assetcatalog; path = Assets.xcassets; sourceTree = "<group>"; };
		AF7F51EF268053B9005DCD28 /* Base */ = {isa = PBXFileReference; lastKnownFileType = file.storyboard; name = Base; path = Base.lproj/LaunchScreen.storyboard; sourceTree = "<group>"; };
		AF7F51F1268053B9005DCD28 /* Info.plist */ = {isa = PBXFileReference; lastKnownFileType = text.plist.xml; path = Info.plist; sourceTree = "<group>"; };
/* End PBXFileReference section */

/* Begin PBXFrameworksBuildPhase section */
		AF7F51DD268053B5005DCD28 /* Frameworks */ = {
			isa = PBXFrameworksBuildPhase;
			buildActionMask = 2147483647;
			files = (
			);
			runOnlyForDeploymentPostprocessing = 0;
		};
/* End PBXFrameworksBuildPhase section */

/* Begin PBXGroup section */
		AF7F51D7268053B5005DCD28 = {
			isa = PBXGroup;
			children = (
				AF7F51E2268053B5005DCD28 /* YpNo3App */,
				AF7F51E1268053B5005DCD28 /* Products */,
			);
			sourceTree = "<group>";
		};
		AF7F51E1268053B5005DCD28 /* Products */ = {
			isa = PBXGroup;
			children = (
				AF7F51E0268053B5005DCD28 /* YpNo3App.app */,
			);
			name = Products;
			sourceTree = "<group>";
		};
		AF7F51E2268053B5005DCD28 /* YpNo3App */ = {
			isa = PBXGroup;
			children = (
				AF7F51E3268053B5005DCD28 /* AppDelegate.swift */,
				AF7F51E5268053B5005DCD28 /* SceneDelegate.swift */,
				AF7F51E7268053B5005DCD28 /* ViewController.swift */,
				AF7F51E9268053B5005DCD28 /* Main.storyboard */,
				AF7F51EC268053B9005DCD28 /* Assets.xcassets */,
				AF7F51EE268053B9005DCD28 /* LaunchScreen.storyboard */,
				AF7F51F1268053B9005DCD28 /* Info.plist */,
			);
			path = YpNo3App;
			sourceTree = "<group>";
		};
/* End PBXGroup section */

/* Begin PBXNativeTarget section */
		AF7F51DF268053B5005DCD28 /* YpNo3App */ = {
			isa = PBXNativeTarget;
			buildConfigurationList = AF7F51F4268053B9005DCD28 /* Build configuration list for PBXNativeTarget "YpNo3App" */;
			buildPhases = (
				AF7F51DC268053B5005DCD28 /* Sources */,
				AF7F51DD268053B5005DCD28 /* Frameworks */,
				AF7F51DE268053B5005DCD28 /* Resources */,
			);
			buildRules = (
			);
			dependencies = (
			);
			name = YpNo3App;
			productName = YpNo3App;
			productReference = AF7F51E0268053B5005DCD28 /* YpNo3App.app */;
			productType = "com.apple.product-type.application";
		};
/* End PBXNativeTarget section */

/* Begin PBXProject section */
		AF7F51D8268053B5005DCD28 /* Project object */ = {
			isa = PBXProject;
			attributes = {
				LastSwiftUpdateCheck = 1250;
				LastUpgradeCheck = 1250;
				TargetAttributes = {
					AF7F51DF268053B5005DCD28 = {
						CreatedOnToolsVersion = 12.5;
					};
				};
			};
			buildConfigurationList = AF7F51DB268053B5005DCD28 /* Build configuration list for PBXProject "YpNo3App" */;
			compatibilityVersion = "Xcode 9.3";
			developmentRegion = en;
			hasScannedForEncodings = 0;
			knownRegions = (
				en,
				Base,
			);
			mainGroup = AF7F51D7268053B5005DCD28;
			productRefGroup = AF7F51E1268053B5005DCD28 /* Products */;
			projectDirPath = "";
			projectRoot = "";
			targets = (
				AF7F51DF268053B5005DCD28 /* YpNo3App */,
			);
		};
/* End PBXProject section */

/* Begin PBXResourcesBuildPhase section */
		AF7F51DE268053B5005DCD28 /* Resources */ = {
			isa = PBXResourcesBuildPhase;
			buildActionMask = 2147483647;
			files = (
				AF7F51F0268053B9005DCD28 /* LaunchScreen.storyboard in Resources */,
				AF7F51ED268053B9005DCD28 /* Assets.xcassets in Resources */,
				AF7F51EB268053B5005DCD28 /* Main.storyboard in Resources */,
			);
			runOnlyForDeploymentPostprocessing = 0;
		};
/* End PBXResourcesBuildPhase section */

/* Begin PBXSourcesBuildPhase section */
		AF7F51DC268053B5005DCD28 /* Sources */ = {
			isa = PBXSourcesBuildPhase;
			buildActionMask = 2147483647;
			files = (
				AF7F51E8268053B5005DCD28 /* ViewController.swift in Sources */,
				AF7F51E4268053B5005DCD28 /* AppDelegate.swift in Sources */,
				AF7F51E6268053B5005DCD28 /* SceneDelegate.swift in Sources */,
			);
			runOnlyForDeploymentPostprocessing = 0;
		};
/* End PBXSourcesBuildPhase section */

/* Begin PBXVariantGroup section */
		AF7F51E9268053B5005DCD28 /* Main.storyboard */ = {
			isa = PBXVariantGroup;
			children = (
				AF7F51EA268053B5005DCD28 /* Base */,
			);
			name = Main.storyboard;
			sourceTree = "<group>";
		};
		AF7F51EE268053B9005DCD28 /* LaunchScreen.storyboard */ = {
			isa = PBXVariantGroup;
			children = (
				AF7F51EF268053B9005DCD28 /* Base */,
			);
			name = LaunchScreen.storyboard;
			sourceTree = "<group>";
		};
/* End PBXVariantGroup section */

/* Begin XCBuildConfiguration section */
		AF7F51F2268053B9005DCD28 /* Debug */ = {
			isa = XCBuildConfiguration;
			buildSettings = {
				ALWAYS_SEARCH_USER_PATHS = NO;
				CLANG_ANALYZER_NONNULL = YES;
				CLANG_ANALYZER_NUMBER_OBJECT_CONVERSION = YES_AGGRESSIVE;
				CLANG_CXX_LANGUAGE_STANDARD = "gnu++14";
				CLANG_CXX_LIBRARY = "libc++";
				CLANG_ENABLE_MODULES = YES;
				CLANG_ENABLE_OBJC_ARC = YES;
				CLANG_ENABLE_OBJC_WEAK = YES;
				CLANG_WARN_BLOCK_CAPTURE_AUTORELEASING = YES;
				CLANG_WARN_BOOL_CONVERSION = YES;
				CLANG_WARN_COMMA = YES;
				CLANG_WARN_CONSTANT_CONVERSION = YES;
				CLANG_WARN_DEPRECATED_OBJC_IMPLEMENTATIONS = YES;
				CLANG_WARN_DIRECT_OBJC_ISA_USAGE = YES_ERROR;
				CLANG_WARN_DOCUMENTATION_COMMENTS = YES;
				CLANG_WARN_EMPTY_BODY = YES;
				CLANG_WARN_ENUM_CONVERSION = YES;
				CLANG_WARN_INFINITE_RECURSION = YES;
				CLANG_WARN_INT_CONVERSION = YES;
				CLANG_WARN_NON_LITERAL_NULL_CONVERSION = YES;
				CLANG_WARN_OBJC_IMPLICIT_RETAIN_SELF = YES;
				CLANG_WARN_OBJC_LITERAL_CONVERSION = YES;
				CLANG_WARN_OBJC_ROOT_CLASS = YES_ERROR;
				CLANG_WARN_QUOTED_INCLUDE_IN_FRAMEWORK_HEADER = YES;
				CLANG_WARN_RANGE_LOOP_ANALYSIS = YES;
				CLANG_WARN_STRICT_PROTOTYPES = YES;
				CLANG_WARN_SUSPICIOUS_MOVE = YES;
				CLANG_WARN_UNGUARDED_AVAILABILITY = YES_AGGRESSIVE;
				CLANG_WARN_UNREACHABLE_CODE = YES;
				CLANG_WARN__DUPLICATE_METHOD_MATCH = YES;
				COPY_PHASE_STRIP = NO;
				DEBUG_INFORMATION_FORMAT = dwarf;
				ENABLE_STRICT_OBJC_MSGSEND = YES;
				ENABLE_TESTABILITY = YES;
				GCC_C_LANGUAGE_STANDARD = gnu11;
				GCC_DYNAMIC_NO_PIC = NO;
				GCC_NO_COMMON_BLOCKS = YES;
				GCC_OPTIMIZATION_LEVEL = 0;
				GCC_PREPROCESSOR_DEFINITIONS = (
					"DEBUG=1",
					"$(inherited)",
				);
				GCC_WARN_64_TO_32_BIT_CONVERSION = YES;
				GCC_WARN_ABOUT_RETURN_TYPE = YES_ERROR;
				GCC_WARN_UNDECLARED_SELECTOR = YES;
				GCC_WARN_UNINITIALIZED_AUTOS = YES_AGGRESSIVE;
				GCC_WARN_UNUSED_FUNCTION = YES;
				GCC_WARN_UNUSED_VARIABLE = YES;
				IPHONEOS_DEPLOYMENT_TARGET = 14.5;
				MTL_ENABLE_DEBUG_INFO = INCLUDE_SOURCE;
				MTL_FAST_MATH = YES;
				ONLY_ACTIVE_ARCH = YES;
				SDKROOT = iphoneos;
				SWIFT_ACTIVE_COMPILATION_CONDITIONS = DEBUG;
				SWIFT_OPTIMIZATION_LEVEL = "-Onone";
			};
			name = Debug;
		};
		AF7F51F3268053B9005DCD28 /* Release */ = {
			isa = XCBuildConfiguration;
			buildSettings = {
				ALWAYS_SEARCH_USER_PATHS = NO;
				CLANG_ANALYZER_NONNULL = YES;
				CLANG_ANALYZER_NUMBER_OBJECT_CONVERSION = YES_AGGRESSIVE;
				CLANG_CXX_LANGUAGE_STANDARD = "gnu++14";
				CLANG_CXX_LIBRARY = "libc++";
				CLANG_ENABLE_MODULES = YES;
				CLANG_ENABLE_OBJC_ARC = YES;
				CLANG_ENABLE_OBJC_WEAK = YES;
				CLANG_WARN_BLOCK_CAPTURE_AUTORELEASING = YES;
				CLANG_WARN_BOOL_CONVERSION = YES;
				CLANG_WARN_COMMA = YES;
				CLANG_WARN_CONSTANT_CONVERSION = YES;
				CLANG_WARN_DEPRECATED_OBJC_IMPLEMENTATIONS = YES;
				CLANG_WARN_DIRECT_OBJC_ISA_USAGE = YES_ERROR;
				CLANG_WARN_DOCUMENTATION_COMMENTS = YES;
				CLANG_WARN_EMPTY_BODY = YES;
				CLANG_WARN_ENUM_CONVERSION = YES;
				CLANG_WARN_INFINITE_RECURSION = YES;
				CLANG_WARN_INT_CONVERSION = YES;
				CLANG_WARN_NON_LITERAL_NULL_CONVERSION = YES;
				CLANG_WARN_OBJC_IMPLICIT_RETAIN_SELF = YES;
				CLANG_WARN_OBJC_LITERAL_CONVERSION = YES;
				CLANG_WARN_OBJC_ROOT_CLASS = YES_ERROR;
				CLANG_WARN_QUOTED_INCLUDE_IN_FRAMEWORK_HEADER = YES;
				CLANG_WARN_RANGE_LOOP_ANALYSIS = YES;
				CLANG_WARN_STRICT_PROTOTYPES = YES;
				CLANG_WARN_SUSPICIOUS_MOVE = YES;
				CLANG_WARN_UNGUARDED_AVAILABILITY = YES_AGGRESSIVE;
				CLANG_WARN_UNREACHABLE_CODE = YES;
				CLANG_WARN__DUPLICATE_METHOD_MATCH = YES;
				COPY_PHASE_STRIP = NO;
				DEBUG_INFORMATION_FORMAT = "dwarf-with-dsym";
				ENABLE_NS_ASSERTIONS = NO;
				ENABLE_STRICT_OBJC_MSGSEND = YES;
				GCC_C_LANGUAGE_STANDARD = gnu11;
				GCC_NO_COMMON_BLOCKS = YES;
				GCC_WARN_64_TO_32_BIT_CONVERSION = YES;
				GCC_WARN_ABOUT_RETURN_TYPE = YES_ERROR;
				GCC_WARN_UNDECLARED_SELECTOR = YES;
				GCC_WARN_UNINITIALIZED_AUTOS = YES_AGGRESSIVE;
				GCC_WARN_UNUSED_FUNCTION = YES;
				GCC_WARN_UNUSED_VARIABLE = YES;
				IPHONEOS_DEPLOYMENT_TARGET = 14.5;
				MTL_ENABLE_DEBUG_INFO = NO;
				MTL_FAST_MATH = YES;
				SDKROOT = iphoneos;
				SWIFT_COMPILATION_MODE = wholemodule;
				SWIFT_OPTIMIZATION_LEVEL = "-O";
				VALIDATE_PRODUCT = YES;
			};
			name = Release;
		};
		AF7F51F5268053B9005DCD28 /* Debug */ = {
			isa = XCBuildConfiguration;
			buildSettings = {
				ASSETCATALOG_COMPILER_APPICON_NAME = AppIcon;
				ASSETCATALOG_COMPILER_GLOBAL_ACCENT_COLOR_NAME = AccentColor;
				CODE_SIGN_STYLE = Automatic;
				DEVELOPMENT_TEAM = ALZ6PAZHNW;
				INFOPLIST_FILE = YpNo3App/Info.plist;
				LD_RUNPATH_SEARCH_PATHS = (
					"$(inherited)",
					"@executable_path/Frameworks",
				);
				PRODUCT_BUNDLE_IDENTIFIER = yoppen.YpNo3App;
				PRODUCT_NAME = "$(TARGET_NAME)";
				SWIFT_VERSION = 5.0;
				TARGETED_DEVICE_FAMILY = "1,2";
			};
			name = Debug;
		};
		AF7F51F6268053B9005DCD28 /* Release */ = {
			isa = XCBuildConfiguration;
			buildSettings = {
				ASSETCATALOG_COMPILER_APPICON_NAME = AppIcon;
				ASSETCATALOG_COMPILER_GLOBAL_ACCENT_COLOR_NAME = AccentColor;
				CODE_SIGN_STYLE = Automatic;
				DEVELOPMENT_TEAM = ALZ6PAZHNW;
				INFOPLIST_FILE = YpNo3App/Info.plist;
				LD_RUNPATH_SEARCH_PATHS = (
					"$(inherited)",
					"@executable_path/Frameworks",
				);
				PRODUCT_BUNDLE_IDENTIFIER = yoppen.YpNo3App;
				PRODUCT_NAME = "$(TARGET_NAME)";
				SWIFT_VERSION = 5.0;
				TARGETED_DEVICE_FAMILY = "1,2";
			};
			name = Release;
		};
/* End XCBuildConfiguration section */

/* Begin XCConfigurationList section */
		AF7F51DB268053B5005DCD28 /* Build configuration list for PBXProject "YpNo3App" */ = {
			isa = XCConfigurationList;
			buildConfigurations = (
				AF7F51F2268053B9005DCD28 /* Debug */,
				AF7F51F3268053B9005DCD28 /* Release */,
			);
			defaultConfigurationIsVisible = 0;
			defaultConfigurationName = Release;
		};
		AF7F51F4268053B9005DCD28 /* Build configuration list for PBXNativeTarget "YpNo3App" */ = {
			isa = XCConfigurationList;
			buildConfigurations = (
				AF7F51F5268053B9005DCD28 /* Debug */,
				AF7F51F6268053B9005DCD28 /* Release */,
			);
			defaultConfigurationIsVisible = 0;
			defaultConfigurationName = Release;
		};
/* End XCConfigurationList section */
	};
	rootObject = AF7F51D8268053B5005DCD28 /* Project object */;
}
